
Microsoft Visual Studio Solution File, Format Version 12.00
# Visual Studio 2015
Project("{FAE04EC0-301F-11D3-BF4B-00C04F79EFBC}") = "TryScene", "TryScene.csproj", "{119882B6-431C-455D-5A99-9FBB5B92CD7C}"
EndProject
Global
	GlobalSection(SolutionConfigurationPlatforms) = preSolution
		Debug|Any CPU = Debug|Any CPU
		Release|Any CPU = Release|Any CPU
	EndGlobalSection
	GlobalSection(ProjectConfigurationPlatforms) = postSolution
		{119882B6-431C-455D-5A99-9FBB5B92CD7C}.Debug|Any CPU.ActiveCfg = Debug|Any CPU
		{119882B6-431C-455D-5A99-9FBB5B92CD7C}.Debug|Any CPU.Build.0 = Debug|Any CPU
		{119882B6-431C-455D-5A99-9FBB5B92CD7C}.Release|Any CPU.ActiveCfg = Release|Any CPU
		{119882B6-431C-455D-5A99-9FBB5B92CD7C}.Release|Any CPU.Build.0 = Release|Any CPU
	EndGlobalSection
	GlobalSection(SolutionProperties) = preSolution
		HideSolutionNode = FALSE
	EndGlobalSection
EndGlobal
